
Microsoft Visual Studio Solution File, Format Version 12.00
Project("{FAE04EC0-301F-11D3-BF4B-00C04F79EFBC}") = "UrlShortener", "UrlShortener\UrlShortener.csproj", "{E189B109-02CB-4F7D-A2E0-C7672389D951}"
EndProject
Global
	GlobalSection(SolutionConfigurationPlatforms) = preSolution
		Debug|Any CPU = Debug|Any CPU
		Release|Any CPU = Release|Any CPU
	EndGlobalSection
	GlobalSection(ProjectConfigurationPlatforms) = postSolution
		{E189B109-02CB-4F7D-A2E0-C7672389D951}.Debug|Any CPU.ActiveCfg = Debug|Any CPU
		{E189B109-02CB-4F7D-A2E0-C7672389D951}.Debug|Any CPU.Build.0 = Debug|Any CPU
		{E189B109-02CB-4F7D-A2E0-C7672389D951}.Release|Any CPU.ActiveCfg = Release|Any CPU
		{E189B109-02CB-4F7D-A2E0-C7672389D951}.Release|Any CPU.Build.0 = Release|Any CPU
	EndGlobalSection
EndGlobal
